{
  "version": 4,
  "terraform_version": "1.9.7",
  "serial": 3,
  "lineage": "e379c8cd-244f-0ff7-86fd-5ef87faa3c5d",
  "outputs": {
    "app_insights_connection_string": {
      "value": "InstrumentationKey=0f3433ed-54b7-4648-a3f4-4be9416af278;IngestionEndpoint=https://northeurope-0.in.applicationinsights.azure.com/;LiveEndpoint=https://northeurope.livediagnostics.monitor.azure.com/;ApplicationId=ac335f53-f59e-400a-9d9e-a232c1543c8b",
      "type": "string",
      "sensitive": true
    },
    "app_insights_instrumentation_key": {
      "value": "0f3433ed-54b7-4648-a3f4-4be9416af278",
      "type": "string",
      "sensitive": true
    }
  },
  "resources": [
    {
      "mode": "managed",
      "type": "azurerm_application_insights",
      "name": "elysian_bazaar_ai",
      "provider": "provider[\"registry.terraform.io/hashicorp/azurerm\"]",
      "instances": [
        {
          "schema_version": 2,
          "attributes": {
            "app_id": "ac335f53-f59e-400a-9d9e-a232c1543c8b",
            "application_type": "web",
            "connection_string": "InstrumentationKey=0f3433ed-54b7-4648-a3f4-4be9416af278;IngestionEndpoint=https://northeurope-0.in.applicationinsights.azure.com/;LiveEndpoint=https://northeurope.livediagnostics.monitor.azure.com/;ApplicationId=ac335f53-f59e-400a-9d9e-a232c1543c8b",
            "daily_data_cap_in_gb": 100,
            "daily_data_cap_notifications_disabled": false,
            "disable_ip_masking": false,
            "force_customer_storage_for_profiler": false,
            "id": "/subscriptions/333ed9dc-21a2-4deb-88c9-919eff757cda/resourceGroups/ElysianBazaar-Resources/providers/Microsoft.Insights/components/ElysianBazaar-Insights",
            "instrumentation_key": "0f3433ed-54b7-4648-a3f4-4be9416af278",
            "internet_ingestion_enabled": true,
            "internet_query_enabled": true,
            "local_authentication_disabled": false,
            "location": "northeurope",
            "name": "ElysianBazaar-Insights",
            "resource_group_name": "ElysianBazaar-Resources",
            "retention_in_days": 90,
            "sampling_percentage": 100,
            "tags": null,
            "timeouts": null,
            "workspace_id": ""
          },
          "sensitive_attributes": [
            [
              {
                "type": "get_attr",
                "value": "instrumentation_key"
              }
            ],
            [
              {
                "type": "get_attr",
                "value": "connection_string"
              }
            ]
          ],
          "private": "eyJlMmJmYjczMC1lY2FhLTExZTYtOGY4OC0zNDM2M2JjN2M0YzAiOnsiY3JlYXRlIjozNjAwMDAwMDAwMDAwLCJkZWxldGUiOjE4MDAwMDAwMDAwMDAsInJlYWQiOjMwMDAwMDAwMDAwMCwidXBkYXRlIjoxODAwMDAwMDAwMDAwfSwic2NoZW1hX3ZlcnNpb24iOiIyIn0=",
          "dependencies": [
            "azurerm_resource_group.elysian_bazaar_rg"
          ]
        }
      ]
    },
    {
      "mode": "managed",
      "type": "azurerm_resource_group",
      "name": "elysian_bazaar_rg",
      "provider": "provider[\"registry.terraform.io/hashicorp/azurerm\"]",
      "instances": [
        {
          "schema_version": 0,
          "attributes": {
            "id": "/subscriptions/333ed9dc-21a2-4deb-88c9-919eff757cda/resourceGroups/ElysianBazaar-Resources",
            "location": "northeurope",
            "managed_by": "",
            "name": "ElysianBazaar-Resources",
            "tags": null,
            "timeouts": null
          },
          "sensitive_attributes": [],
          "private": "eyJlMmJmYjczMC1lY2FhLTExZTYtOGY4OC0zNDM2M2JjN2M0YzAiOnsiY3JlYXRlIjo1NDAwMDAwMDAwMDAwLCJkZWxldGUiOjU0MDAwMDAwMDAwMDAsInJlYWQiOjMwMDAwMDAwMDAwMCwidXBkYXRlIjo1NDAwMDAwMDAwMDAwfX0="
        }
      ]
    }
  ],
  "check_results": null
}
